
Microsoft Visual Studio Solution File, Format Version 12.00
# Visual Studio Version 17
VisualStudioVersion = 17.6.33723.286
MinimumVisualStudioVersion = 10.0.40219.1
Project("{FAE04EC0-301F-11D3-BF4B-00C04F79EFBC}") = "Sistema_Cadastro", "Sistema_Cadastro.csproj", "{4D46E2ED-1D27-4431-910F-7ED9391BE2E4}"
EndProject
Global
	GlobalSection(SolutionConfigurationPlatforms) = preSolution
		Debug|Any CPU = Debug|Any CPU
		Release|Any CPU = Release|Any CPU
	EndGlobalSection
	GlobalSection(ProjectConfigurationPlatforms) = postSolution
		{4D46E2ED-1D27-4431-910F-7ED9391BE2E4}.Debug|Any CPU.ActiveCfg = Debug|Any CPU
		{4D46E2ED-1D27-4431-910F-7ED9391BE2E4}.Debug|Any CPU.Build.0 = Debug|Any CPU
		{4D46E2ED-1D27-4431-910F-7ED9391BE2E4}.Release|Any CPU.ActiveCfg = Release|Any CPU
		{4D46E2ED-1D27-4431-910F-7ED9391BE2E4}.Release|Any CPU.Build.0 = Release|Any CPU
	EndGlobalSection
	GlobalSection(SolutionProperties) = preSolution
		HideSolutionNode = FALSE
	EndGlobalSection
	GlobalSection(ExtensibilityGlobals) = postSolution
		SolutionGuid = {6F2E281C-7C3C-4FDD-BA3C-4122AE74DB23}
	EndGlobalSection
EndGlobal
